
Microsoft Visual Studio Solution File, Format Version 12.00
# Visual Studio Version 16
VisualStudioVersion = 16.0.30907.101
MinimumVisualStudioVersion = 10.0.40219.1
Project("{FAE04EC0-301F-11D3-BF4B-00C04F79EFBC}") = "MDIPaint", "MDIPaint\MDIPaint.csproj", "{B9DC45D0-9B57-408E-B013-761EC9EC7224}"
EndProject
Global
	GlobalSection(SolutionConfigurationPlatforms) = preSolution
		Debug|Any CPU = Debug|Any CPU
		Release|Any CPU = Release|Any CPU
	EndGlobalSection
	GlobalSection(ProjectConfigurationPlatforms) = postSolution
		{B9DC45D0-9B57-408E-B013-761EC9EC7224}.Debug|Any CPU.ActiveCfg = Debug|Any CPU
		{B9DC45D0-9B57-408E-B013-761EC9EC7224}.Debug|Any CPU.Build.0 = Debug|Any CPU
		{B9DC45D0-9B57-408E-B013-761EC9EC7224}.Release|Any CPU.ActiveCfg = Release|Any CPU
		{B9DC45D0-9B57-408E-B013-761EC9EC7224}.Release|Any CPU.Build.0 = Release|Any CPU
	EndGlobalSection
	GlobalSection(SolutionProperties) = preSolution
		HideSolutionNode = FALSE
	EndGlobalSection
	GlobalSection(ExtensibilityGlobals) = postSolution
		SolutionGuid = {D60D3472-6961-4664-A8BC-1CA2B81CBAC7}
	EndGlobalSection
EndGlobal
